PODS:
  - AWSCore (2.6.33)
  - AWSRekognition (2.6.33):
    - AWSCore (= 2.6.33)
  - NVActivityIndicatorView (4.4.0):
    - NVActivityIndicatorView/Presenter (= 4.4.0)
  - NVActivityIndicatorView/Presenter (4.4.0)

DEPENDENCIES:
  - AWSRekognition
  - NVActivityIndicatorView

SPEC REPOS:
  https://github.com/cocoapods/specs.git:
    - AWSCore
    - AWSRekognition
    - NVActivityIndicatorView

SPEC CHECKSUMS:
  AWSCore: ed83f7e36fb6c0211b04a439d8e564aa23bfe37d
  AWSRekognition: dfb045645f53f0f49536c681d90b9cc59fc84045
  NVActivityIndicatorView: ec7440a57af2450319d3a4181cca7da6fc127064

PODFILE CHECKSUM: 88f92e55523654397c0f4c09990982ac128b109f

COCOAPODS: 1.6.0.beta.2
